
Microsoft Visual Studio Solution File, Format Version 12.00
# Visual Studio Version 16
VisualStudioVersion = 16.0.33027.164
MinimumVisualStudioVersion = 10.0.40219.1
Project("{FAE04EC0-301F-11D3-BF4B-00C04F79EFBC}") = "GitHubWeb", "GitHubWeb\GitHubWeb.csproj", "{EF34DB14-7D2F-4D97-82E6-F91C420FCEE8}"
EndProject
Global
	GlobalSection(SolutionConfigurationPlatforms) = preSolution
		Debug|Any CPU = Debug|Any CPU
		Release|Any CPU = Release|Any CPU
	EndGlobalSection
	GlobalSection(ProjectConfigurationPlatforms) = postSolution
		{EF34DB14-7D2F-4D97-82E6-F91C420FCEE8}.Debug|Any CPU.ActiveCfg = Debug|Any CPU
		{EF34DB14-7D2F-4D97-82E6-F91C420FCEE8}.Debug|Any CPU.Build.0 = Debug|Any CPU
		{EF34DB14-7D2F-4D97-82E6-F91C420FCEE8}.Release|Any CPU.ActiveCfg = Release|Any CPU
		{EF34DB14-7D2F-4D97-82E6-F91C420FCEE8}.Release|Any CPU.Build.0 = Release|Any CPU
	EndGlobalSection
	GlobalSection(SolutionProperties) = preSolution
		HideSolutionNode = FALSE
	EndGlobalSection
	GlobalSection(ExtensibilityGlobals) = postSolution
		SolutionGuid = {77B16568-FA80-449B-9298-1BDE7697D761}
	EndGlobalSection
EndGlobal
